
Microsoft Visual Studio Solution File, Format Version 12.00
# Visual Studio 2013
VisualStudioVersion = 12.0.31101.0
MinimumVisualStudioVersion = 10.0.40219.1
Project("{8BC9CEB8-8B4A-11D0-8D11-00A0C91BC942}") = "ListWorkItems", "ListWorkItems\ListWorkItems.vcxproj", "{8201332D-CCF5-4911-A9D0-2C3F7BCD05EA}"
EndProject
Project("{8BC9CEB8-8B4A-11D0-8D11-00A0C91BC942}") = "ListWorkItems Package", "ListWorkItems Package\ListWorkItems Package.vcxproj", "{68EE35E5-943A-4AB4-9703-B1F5C9737D11}"
	ProjectSection(ProjectDependencies) = postProject
		{8201332D-CCF5-4911-A9D0-2C3F7BCD05EA} = {8201332D-CCF5-4911-A9D0-2C3F7BCD05EA}
	EndProjectSection
EndProject
Global
	GlobalSection(SolutionConfigurationPlatforms) = preSolution
		Win8.1 Debug|x64 = Win8.1 Debug|x64
		Win8.1 Release|x64 = Win8.1 Release|x64
	EndGlobalSection
	GlobalSection(ProjectConfigurationPlatforms) = postSolution
		{8201332D-CCF5-4911-A9D0-2C3F7BCD05EA}.Win8.1 Debug|x64.ActiveCfg = Win8.1 Debug|x64
		{8201332D-CCF5-4911-A9D0-2C3F7BCD05EA}.Win8.1 Debug|x64.Build.0 = Win8.1 Debug|x64
		{8201332D-CCF5-4911-A9D0-2C3F7BCD05EA}.Win8.1 Debug|x64.Deploy.0 = Win8.1 Debug|x64
		{8201332D-CCF5-4911-A9D0-2C3F7BCD05EA}.Win8.1 Release|x64.ActiveCfg = Win8.1 Release|x64
		{8201332D-CCF5-4911-A9D0-2C3F7BCD05EA}.Win8.1 Release|x64.Build.0 = Win8.1 Release|x64
		{8201332D-CCF5-4911-A9D0-2C3F7BCD05EA}.Win8.1 Release|x64.Deploy.0 = Win8.1 Release|x64
		{68EE35E5-943A-4AB4-9703-B1F5C9737D11}.Win8.1 Debug|x64.ActiveCfg = Win8.1 Debug|x64
		{68EE35E5-943A-4AB4-9703-B1F5C9737D11}.Win8.1 Debug|x64.Build.0 = Win8.1 Debug|x64
		{68EE35E5-943A-4AB4-9703-B1F5C9737D11}.Win8.1 Debug|x64.Deploy.0 = Win8.1 Debug|x64
		{68EE35E5-943A-4AB4-9703-B1F5C9737D11}.Win8.1 Release|x64.ActiveCfg = Win8.1 Release|x64
		{68EE35E5-943A-4AB4-9703-B1F5C9737D11}.Win8.1 Release|x64.Build.0 = Win8.1 Release|x64
		{68EE35E5-943A-4AB4-9703-B1F5C9737D11}.Win8.1 Release|x64.Deploy.0 = Win8.1 Release|x64
	EndGlobalSection
	GlobalSection(SolutionProperties) = preSolution
		HideSolutionNode = FALSE
	EndGlobalSection
EndGlobal
